// !$*UTF8*$!
{
	archiveVersion = 1;
	classes = {
	};
	objectVersion = 56;
	objects = {

/* Begin PBXBuildFile section */
		98F917762BE927A900C64746 /* Ahmed20__ProjectApp.swift in Sources */ = {isa = PBXBuildFile; fileRef = 98F917752BE927A900C64746 /* Ahmed20__ProjectApp.swift */; };
		98F917782BE927A900C64746 /* ContentView.swift in Sources */ = {isa = PBXBuildFile; fileRef = 98F917772BE927A900C64746 /* ContentView.swift */; };
		98F9177A2BE927AC00C64746 /* Assets.xcassets in Resources */ = {isa = PBXBuildFile; fileRef = 98F917792BE927AC00C64746 /* Assets.xcassets */; };
		98F9177D2BE927AC00C64746 /* Preview Assets.xcassets in Resources */ = {isa = PBXBuildFile; fileRef = 98F9177C2BE927AC00C64746 /* Preview Assets.xcassets */; };
		98F917872BE927AD00C64746 /* Ahmed20__ProjectTests.swift in Sources */ = {isa = PBXBuildFile; fileRef = 98F917862BE927AD00C64746 /* Ahmed20__ProjectTests.swift */; };
		98F917912BE927AD00C64746 /* Ahmed20__ProjectUITests.swift in Sources */ = {isa = PBXBuildFile; fileRef = 98F917902BE927AD00C64746 /* Ahmed20__ProjectUITests.swift */; };
		98F917932BE927AD00C64746 /* Ahmed20__ProjectUITestsLaunchTests.swift in Sources */ = {isa = PBXBuildFile; fileRef = 98F917922BE927AD00C64746 /* Ahmed20__ProjectUITestsLaunchTests.swift */; };
/* End PBXBuildFile section */

/* Begin PBXContainerItemProxy section */
		98F917832BE927AD00C64746 /* PBXContainerItemProxy */ = {
			isa = PBXContainerItemProxy;
			containerPortal = 98F9176A2BE927A900C64746 /* Project object */;
			proxyType = 1;
			remoteGlobalIDString = 98F917712BE927A900C64746;
			remoteInfo = "Ahmed20%-Project";
		};
		98F9178D2BE927AD00C64746 /* PBXContainerItemProxy */ = {
			isa = PBXContainerItemProxy;
			containerPortal = 98F9176A2BE927A900C64746 /* Project object */;
			proxyType = 1;
			remoteGlobalIDString = 98F917712BE927A900C64746;
			remoteInfo = "Ahmed20%-Project";
		};
/* End PBXContainerItemProxy section */

/* Begin PBXFileReference section */
		98F917722BE927A900C64746 /* Ahmed20%-Project.app */ = {isa = PBXFileReference; explicitFileType = wrapper.application; includeInIndex = 0; path = "Ahmed20%-Project.app"; sourceTree = BUILT_PRODUCTS_DIR; };
		98F917752BE927A900C64746 /* Ahmed20__ProjectApp.swift */ = {isa = PBXFileReference; lastKnownFileType = sourcecode.swift; path = Ahmed20__ProjectApp.swift; sourceTree = "<group>"; };
		98F917772BE927A900C64746 /* ContentView.swift */ = {isa = PBXFileReference; lastKnownFileType = sourcecode.swift; path = ContentView.swift; sourceTree = "<group>"; };
		98F917792BE927AC00C64746 /* Assets.xcassets */ = {isa = PBXFileReference; lastKnownFileType = folder.assetcatalog; path = Assets.xcassets; sourceTree = "<group>"; };
		98F9177C2BE927AC00C64746 /* Preview Assets.xcassets */ = {isa = PBXFileReference; lastKnownFileType = folder.assetcatalog; path = "Preview Assets.xcassets"; sourceTree = "<group>"; };
		98F917822BE927AD00C64746 /* Ahmed20%-ProjectTests.xctest */ = {isa = PBXFileReference; explicitFileType = wrapper.cfbundle; includeInIndex = 0; path = "Ahmed20%-ProjectTests.xctest"; sourceTree = BUILT_PRODUCTS_DIR; };
		98F917862BE927AD00C64746 /* Ahmed20__ProjectTests.swift */ = {isa = PBXFileReference; lastKnownFileType = sourcecode.swift; path = Ahmed20__ProjectTests.swift; sourceTree = "<group>"; };
		98F9178C2BE927AD00C64746 /* Ahmed20%-ProjectUITests.xctest */ = {isa = PBXFileReference; explicitFileType = wrapper.cfbundle; includeInIndex = 0; path = "Ahmed20%-ProjectUITests.xctest"; sourceTree = BUILT_PRODUCTS_DIR; };
		98F917902BE927AD00C64746 /* Ahmed20__ProjectUITests.swift */ = {isa = PBXFileReference; lastKnownFileType = sourcecode.swift; path = Ahmed20__ProjectUITests.swift; sourceTree = "<group>"; };
		98F917922BE927AD00C64746 /* Ahmed20__ProjectUITestsLaunchTests.swift */ = {isa = PBXFileReference; lastKnownFileType = sourcecode.swift; path = Ahmed20__ProjectUITestsLaunchTests.swift; sourceTree = "<group>"; };
/* End PBXFileReference section */

/* Begin PBXFrameworksBuildPhase section */
		98F9176F2BE927A900C64746 /* Frameworks */ = {
			isa = PBXFrameworksBuildPhase;
			buildActionMask = 2147483647;
			files = (
			);
			runOnlyForDeploymentPostprocessing = 0;
		};
		98F9177F2BE927AD00C64746 /* Frameworks */ = {
			isa = PBXFrameworksBuildPhase;
			buildActionMask = 2147483647;
			files = (
			);
			runOnlyForDeploymentPostprocessing = 0;
		};
		98F917892BE927AD00C64746 /* Frameworks */ = {
			isa = PBXFrameworksBuildPhase;
			buildActionMask = 2147483647;
			files = (
			);
			runOnlyForDeploymentPostprocessing = 0;
		};
/* End PBXFrameworksBuildPhase section */

/* Begin PBXGroup section */
		98F917692BE927A900C64746 = {
			isa = PBXGroup;
			children = (
				98F917742BE927A900C64746 /* Ahmed20%-Project */,
				98F917852BE927AD00C64746 /* Ahmed20%-ProjectTests */,
				98F9178F2BE927AD00C64746 /* Ahmed20%-ProjectUITests */,
				98F917732BE927A900C64746 /* Products */,
			);
			sourceTree = "<group>";
		};
		98F917732BE927A900C64746 /* Products */ = {
			isa = PBXGroup;
			children = (
				98F917722BE927A900C64746 /* Ahmed20%-Project.app */,
				98F917822BE927AD00C64746 /* Ahmed20%-ProjectTests.xctest */,
				98F9178C2BE927AD00C64746 /* Ahmed20%-ProjectUITests.xctest */,
			);
			name = Products;
			sourceTree = "<group>";
		};
		98F917742BE927A900C64746 /* Ahmed20%-Project */ = {
			isa = PBXGroup;
			children = (
				98F917752BE927A900C64746 /* Ahmed20__ProjectApp.swift */,
				98F917772BE927A900C64746 /* ContentView.swift */,
				98F917792BE927AC00C64746 /* Assets.xcassets */,
				98F9177B2BE927AC00C64746 /* Preview Content */,
			);
			path = "Ahmed20%-Project";
			sourceTree = "<group>";
		};
		98F9177B2BE927AC00C64746 /* Preview Content */ = {
			isa = PBXGroup;
			children = (
				98F9177C2BE927AC00C64746 /* Preview Assets.xcassets */,
			);
			path = "Preview Content";
			sourceTree = "<group>";
		};
		98F917852BE927AD00C64746 /* Ahmed20%-ProjectTests */ = {
			isa = PBXGroup;
			children = (
				98F917862BE927AD00C64746 /* Ahmed20__ProjectTests.swift */,
			);
			path = "Ahmed20%-ProjectTests";
			sourceTree = "<group>";
		};
		98F9178F2BE927AD00C64746 /* Ahmed20%-ProjectUITests */ = {
			isa = PBXGroup;
			children = (
				98F917902BE927AD00C64746 /* Ahmed20__ProjectUITests.swift */,
				98F917922BE927AD00C64746 /* Ahmed20__ProjectUITestsLaunchTests.swift */,
			);
			path = "Ahmed20%-ProjectUITests";
			sourceTree = "<group>";
		};
/* End PBXGroup section */

/* Begin PBXNativeTarget section */
		98F917712BE927A900C64746 /* Ahmed20%-Project */ = {
			isa = PBXNativeTarget;
			buildConfigurationList = 98F917962BE927AD00C64746 /* Build configuration list for PBXNativeTarget "Ahmed20%-Project" */;
			buildPhases = (
				98F9176E2BE927A900C64746 /* Sources */,
				98F9176F2BE927A900C64746 /* Frameworks */,
				98F917702BE927A900C64746 /* Resources */,
			);
			buildRules = (
			);
			dependencies = (
			);
			name = "Ahmed20%-Project";
			productName = "Ahmed20%-Project";
			productReference = 98F917722BE927A900C64746 /* Ahmed20%-Project.app */;
			productType = "com.apple.product-type.application";
		};
		98F917812BE927AD00C64746 /* Ahmed20%-ProjectTests */ = {
			isa = PBXNativeTarget;
			buildConfigurationList = 98F917992BE927AD00C64746 /* Build configuration list for PBXNativeTarget "Ahmed20%-ProjectTests" */;
			buildPhases = (
				98F9177E2BE927AD00C64746 /* Sources */,
				98F9177F2BE927AD00C64746 /* Frameworks */,
				98F917802BE927AD00C64746 /* Resources */,
			);
			buildRules = (
			);
			dependencies = (
				98F917842BE927AD00C64746 /* PBXTargetDependency */,
			);
			name = "Ahmed20%-ProjectTests";
			productName = "Ahmed20%-ProjectTests";
			productReference = 98F917822BE927AD00C64746 /* Ahmed20%-ProjectTests.xctest */;
			productType = "com.apple.product-type.bundle.unit-test";
		};
		98F9178B2BE927AD00C64746 /* Ahmed20%-ProjectUITests */ = {
			isa = PBXNativeTarget;
			buildConfigurationList = 98F9179C2BE927AD00C64746 /* Build configuration list for PBXNativeTarget "Ahmed20%-ProjectUITests" */;
			buildPhases = (
				98F917882BE927AD00C64746 /* Sources */,
				98F917892BE927AD00C64746 /* Frameworks */,
				98F9178A2BE927AD00C64746 /* Resources */,
			);
			buildRules = (
			);
			dependencies = (
				98F9178E2BE927AD00C64746 /* PBXTargetDependency */,
			);
			name = "Ahmed20%-ProjectUITests";
			productName = "Ahmed20%-ProjectUITests";
			productReference = 98F9178C2BE927AD00C64746 /* Ahmed20%-ProjectUITests.xctest */;
			productType = "com.apple.product-type.bundle.ui-testing";
		};
/* End PBXNativeTarget section */

/* Begin PBXProject section */
		98F9176A2BE927A900C64746 /* Project object */ = {
			isa = PBXProject;
			attributes = {
				BuildIndependentTargetsInParallel = 1;
				LastSwiftUpdateCheck = 1530;
				LastUpgradeCheck = 1530;
				TargetAttributes = {
					98F917712BE927A900C64746 = {
						CreatedOnToolsVersion = 15.3;
					};
					98F917812BE927AD00C64746 = {
						CreatedOnToolsVersion = 15.3;
						TestTargetID = 98F917712BE927A900C64746;
					};
					98F9178B2BE927AD00C64746 = {
						CreatedOnToolsVersion = 15.3;
						TestTargetID = 98F917712BE927A900C64746;
					};
				};
			};
			buildConfigurationList = 98F9176D2BE927A900C64746 /* Build configuration list for PBXProject "Ahmed20%-Project" */;
			compatibilityVersion = "Xcode 14.0";
			developmentRegion = en;
			hasScannedForEncodings = 0;
			knownRegions = (
				en,
				Base,
			);
			mainGroup = 98F917692BE927A900C64746;
			productRefGroup = 98F917732BE927A900C64746 /* Products */;
			projectDirPath = "";
			projectRoot = "";
			targets = (
				98F917712BE927A900C64746 /* Ahmed20%-Project */,
				98F917812BE927AD00C64746 /* Ahmed20%-ProjectTests */,
				98F9178B2BE927AD00C64746 /* Ahmed20%-ProjectUITests */,
			);
		};
/* End PBXProject section */

/* Begin PBXResourcesBuildPhase section */
		98F917702BE927A900C64746 /* Resources */ = {
			isa = PBXResourcesBuildPhase;
			buildActionMask = 2147483647;
			files = (
				98F9177D2BE927AC00C64746 /* Preview Assets.xcassets in Resources */,
				98F9177A2BE927AC00C64746 /* Assets.xcassets in Resources */,
			);
			runOnlyForDeploymentPostprocessing = 0;
		};
		98F917802BE927AD00C64746 /* Resources */ = {
			isa = PBXResourcesBuildPhase;
			buildActionMask = 2147483647;
			files = (
			);
			runOnlyForDeploymentPostprocessing = 0;
		};
		98F9178A2BE927AD00C64746 /* Resources */ = {
			isa = PBXResourcesBuildPhase;
			buildActionMask = 2147483647;
			files = (
			);
			runOnlyForDeploymentPostprocessing = 0;
		};
/* End PBXResourcesBuildPhase section */

/* Begin PBXSourcesBuildPhase section */
		98F9176E2BE927A900C64746 /* Sources */ = {
			isa = PBXSourcesBuildPhase;
			buildActionMask = 2147483647;
			files = (
				98F917782BE927A900C64746 /* ContentView.swift in Sources */,
				98F917762BE927A900C64746 /* Ahmed20__ProjectApp.swift in Sources */,
			);
			runOnlyForDeploymentPostprocessing = 0;
		};
		98F9177E2BE927AD00C64746 /* Sources */ = {
			isa = PBXSourcesBuildPhase;
			buildActionMask = 2147483647;
			files = (
				98F917872BE927AD00C64746 /* Ahmed20__ProjectTests.swift in Sources */,
			);
			runOnlyForDeploymentPostprocessing = 0;
		};
		98F917882BE927AD00C64746 /* Sources */ = {
			isa = PBXSourcesBuildPhase;
			buildActionMask = 2147483647;
			files = (
				98F917932BE927AD00C64746 /* Ahmed20__ProjectUITestsLaunchTests.swift in Sources */,
				98F917912BE927AD00C64746 /* Ahmed20__ProjectUITests.swift in Sources */,
			);
			runOnlyForDeploymentPostprocessing = 0;
		};
/* End PBXSourcesBuildPhase section */

/* Begin PBXTargetDependency section */
		98F917842BE927AD00C64746 /* PBXTargetDependency */ = {
			isa = PBXTargetDependency;
			target = 98F917712BE927A900C64746 /* Ahmed20%-Project */;
			targetProxy = 98F917832BE927AD00C64746 /* PBXContainerItemProxy */;
		};
		98F9178E2BE927AD00C64746 /* PBXTargetDependency */ = {
			isa = PBXTargetDependency;
			target = 98F917712BE927A900C64746 /* Ahmed20%-Project */;
			targetProxy = 98F9178D2BE927AD00C64746 /* PBXContainerItemProxy */;
		};
/* End PBXTargetDependency section */

/* Begin XCBuildConfiguration section */
		98F917942BE927AD00C64746 /* Debug */ = {
			isa = XCBuildConfiguration;
			buildSettings = {
				ALWAYS_SEARCH_USER_PATHS = NO;
				ASSETCATALOG_COMPILER_GENERATE_SWIFT_ASSET_SYMBOL_EXTENSIONS = YES;
				CLANG_ANALYZER_NONNULL = YES;
				CLANG_ANALYZER_NUMBER_OBJECT_CONVERSION = YES_AGGRESSIVE;
				CLANG_CXX_LANGUAGE_STANDARD = "gnu++20";
				CLANG_ENABLE_MODULES = YES;
				CLANG_ENABLE_OBJC_ARC = YES;
				CLANG_ENABLE_OBJC_WEAK = YES;
				CLANG_WARN_BLOCK_CAPTURE_AUTORELEASING = YES;
				CLANG_WARN_BOOL_CONVERSION = YES;
				CLANG_WARN_COMMA = YES;
				CLANG_WARN_CONSTANT_CONVERSION = YES;
				CLANG_WARN_DEPRECATED_OBJC_IMPLEMENTATIONS = YES;
				CLANG_WARN_DIRECT_OBJC_ISA_USAGE = YES_ERROR;
				CLANG_WARN_DOCUMENTATION_COMMENTS = YES;
				CLANG_WARN_EMPTY_BODY = YES;
				CLANG_WARN_ENUM_CONVERSION = YES;
				CLANG_WARN_INFINITE_RECURSION = YES;
				CLANG_WARN_INT_CONVERSION = YES;
				CLANG_WARN_NON_LITERAL_NULL_CONVERSION = YES;
				CLANG_WARN_OBJC_IMPLICIT_RETAIN_SELF = YES;
				CLANG_WARN_OBJC_LITERAL_CONVERSION = YES;
				CLANG_WARN_OBJC_ROOT_CLASS = YES_ERROR;
				CLANG_WARN_QUOTED_INCLUDE_IN_FRAMEWORK_HEADER = YES;
				CLANG_WARN_RANGE_LOOP_ANALYSIS = YES;
				CLANG_WARN_STRICT_PROTOTYPES = YES;
				CLANG_WARN_SUSPICIOUS_MOVE = YES;
				CLANG_WARN_UNGUARDED_AVAILABILITY = YES_AGGRESSIVE;
				CLANG_WARN_UNREACHABLE_CODE = YES;
				CLANG_WARN__DUPLICATE_METHOD_MATCH = YES;
				COPY_PHASE_STRIP = NO;
				DEBUG_INFORMATION_FORMAT = dwarf;
				ENABLE_STRICT_OBJC_MSGSEND = YES;
				ENABLE_TESTABILITY = YES;
				ENABLE_USER_SCRIPT_SANDBOXING = YES;
				GCC_C_LANGUAGE_STANDARD = gnu17;
				GCC_DYNAMIC_NO_PIC = NO;
				GCC_NO_COMMON_BLOCKS = YES;
				GCC_OPTIMIZATION_LEVEL = 0;
				GCC_PREPROCESSOR_DEFINITIONS = (
					"DEBUG=1",
					"$(inherited)",
				);
				GCC_WARN_64_TO_32_BIT_CONVERSION = YES;
				GCC_WARN_ABOUT_RETURN_TYPE = YES_ERROR;
				GCC_WARN_UNDECLARED_SELECTOR = YES;
				GCC_WARN_UNINITIALIZED_AUTOS = YES_AGGRESSIVE;
				GCC_WARN_UNUSED_FUNCTION = YES;
				GCC_WARN_UNUSED_VARIABLE = YES;
				IPHONEOS_DEPLOYMENT_TARGET = 17.4;
				LOCALIZATION_PREFERS_STRING_CATALOGS = YES;
				MTL_ENABLE_DEBUG_INFO = INCLUDE_SOURCE;
				MTL_FAST_MATH = YES;
				ONLY_ACTIVE_ARCH = YES;
				SDKROOT = iphoneos;
				SWIFT_ACTIVE_COMPILATION_CONDITIONS = "DEBUG $(inherited)";
				SWIFT_OPTIMIZATION_LEVEL = "-Onone";
			};
			name = Debug;
		};
		98F917952BE927AD00C64746 /* Release */ = {
			isa = XCBuildConfiguration;
			buildSettings = {
				ALWAYS_SEARCH_USER_PATHS = NO;
				ASSETCATALOG_COMPILER_GENERATE_SWIFT_ASSET_SYMBOL_EXTENSIONS = YES;
				CLANG_ANALYZER_NONNULL = YES;
				CLANG_ANALYZER_NUMBER_OBJECT_CONVERSION = YES_AGGRESSIVE;
				CLANG_CXX_LANGUAGE_STANDARD = "gnu++20";
				CLANG_ENABLE_MODULES = YES;
				CLANG_ENABLE_OBJC_ARC = YES;
				CLANG_ENABLE_OBJC_WEAK = YES;
				CLANG_WARN_BLOCK_CAPTURE_AUTORELEASING = YES;
				CLANG_WARN_BOOL_CONVERSION = YES;
				CLANG_WARN_COMMA = YES;
				CLANG_WARN_CONSTANT_CONVERSION = YES;
				CLANG_WARN_DEPRECATED_OBJC_IMPLEMENTATIONS = YES;
				CLANG_WARN_DIRECT_OBJC_ISA_USAGE = YES_ERROR;
				CLANG_WARN_DOCUMENTATION_COMMENTS = YES;
				CLANG_WARN_EMPTY_BODY = YES;
				CLANG_WARN_ENUM_CONVERSION = YES;
				CLANG_WARN_INFINITE_RECURSION = YES;
				CLANG_WARN_INT_CONVERSION = YES;
				CLANG_WARN_NON_LITERAL_NULL_CONVERSION = YES;
				CLANG_WARN_OBJC_IMPLICIT_RETAIN_SELF = YES;
				CLANG_WARN_OBJC_LITERAL_CONVERSION = YES;
				CLANG_WARN_OBJC_ROOT_CLASS = YES_ERROR;
				CLANG_WARN_QUOTED_INCLUDE_IN_FRAMEWORK_HEADER = YES;
				CLANG_WARN_RANGE_LOOP_ANALYSIS = YES;
				CLANG_WARN_STRICT_PROTOTYPES = YES;
				CLANG_WARN_SUSPICIOUS_MOVE = YES;
				CLANG_WARN_UNGUARDED_AVAILABILITY = YES_AGGRESSIVE;
				CLANG_WARN_UNREACHABLE_CODE = YES;
				CLANG_WARN__DUPLICATE_METHOD_MATCH = YES;
				COPY_PHASE_STRIP = NO;
				DEBUG_INFORMATION_FORMAT = "dwarf-with-dsym";
				ENABLE_NS_ASSERTIONS = NO;
				ENABLE_STRICT_OBJC_MSGSEND = YES;
				ENABLE_USER_SCRIPT_SANDBOXING = YES;
				GCC_C_LANGUAGE_STANDARD = gnu17;
				GCC_NO_COMMON_BLOCKS = YES;
				GCC_WARN_64_TO_32_BIT_CONVERSION = YES;
				GCC_WARN_ABOUT_RETURN_TYPE = YES_ERROR;
				GCC_WARN_UNDECLARED_SELECTOR = YES;
				GCC_WARN_UNINITIALIZED_AUTOS = YES_AGGRESSIVE;
				GCC_WARN_UNUSED_FUNCTION = YES;
				GCC_WARN_UNUSED_VARIABLE = YES;
				IPHONEOS_DEPLOYMENT_TARGET = 17.4;
				LOCALIZATION_PREFERS_STRING_CATALOGS = YES;
				MTL_ENABLE_DEBUG_INFO = NO;
				MTL_FAST_MATH = YES;
				SDKROOT = iphoneos;
				SWIFT_COMPILATION_MODE = wholemodule;
				VALIDATE_PRODUCT = YES;
			};
			name = Release;
		};
		98F917972BE927AD00C64746 /* Debug */ = {
			isa = XCBuildConfiguration;
			buildSettings = {
				ASSETCATALOG_COMPILER_APPICON_NAME = AppIcon;
				ASSETCATALOG_COMPILER_GLOBAL_ACCENT_COLOR_NAME = AccentColor;
				CODE_SIGN_STYLE = Automatic;
				CURRENT_PROJECT_VERSION = 1;
				DEVELOPMENT_ASSET_PATHS = "\"Ahmed20%-Project/Preview Content\"";
				ENABLE_PREVIEWS = YES;
				GENERATE_INFOPLIST_FILE = YES;
				INFOPLIST_KEY_UIApplicationSceneManifest_Generation = YES;
				INFOPLIST_KEY_UIApplicationSupportsIndirectInputEvents = YES;
				INFOPLIST_KEY_UILaunchScreen_Generation = YES;
				INFOPLIST_KEY_UISupportedInterfaceOrientations_iPad = "UIInterfaceOrientationPortrait UIInterfaceOrientationPortraitUpsideDown UIInterfaceOrientationLandscapeLeft UIInterfaceOrientationLandscapeRight";
				INFOPLIST_KEY_UISupportedInterfaceOrientations_iPhone = "UIInterfaceOrientationPortrait UIInterfaceOrientationLandscapeLeft UIInterfaceOrientationLandscapeRight";
				LD_RUNPATH_SEARCH_PATHS = (
					"$(inherited)",
					"@executable_path/Frameworks",
				);
				MARKETING_VERSION = 1.0;
				PRODUCT_BUNDLE_IDENTIFIER = "ahmer.Ahmed20--Project";
				PRODUCT_NAME = "$(TARGET_NAME)";
				SWIFT_EMIT_LOC_STRINGS = YES;
				SWIFT_VERSION = 5.0;
				TARGETED_DEVICE_FAMILY = "1,2";
			};
			name = Debug;
		};
		98F917982BE927AD00C64746 /* Release */ = {
			isa = XCBuildConfiguration;
			buildSettings = {
				ASSETCATALOG_COMPILER_APPICON_NAME = AppIcon;
				ASSETCATALOG_COMPILER_GLOBAL_ACCENT_COLOR_NAME = AccentColor;
				CODE_SIGN_STYLE = Automatic;
				CURRENT_PROJECT_VERSION = 1;
				DEVELOPMENT_ASSET_PATHS = "\"Ahmed20%-Project/Preview Content\"";
				ENABLE_PREVIEWS = YES;
				GENERATE_INFOPLIST_FILE = YES;
				INFOPLIST_KEY_UIApplicationSceneManifest_Generation = YES;
				INFOPLIST_KEY_UIApplicationSupportsIndirectInputEvents = YES;
				INFOPLIST_KEY_UILaunchScreen_Generation = YES;
				INFOPLIST_KEY_UISupportedInterfaceOrientations_iPad = "UIInterfaceOrientationPortrait UIInterfaceOrientationPortraitUpsideDown UIInterfaceOrientationLandscapeLeft UIInterfaceOrientationLandscapeRight";
				INFOPLIST_KEY_UISupportedInterfaceOrientations_iPhone = "UIInterfaceOrientationPortrait UIInterfaceOrientationLandscapeLeft UIInterfaceOrientationLandscapeRight";
				LD_RUNPATH_SEARCH_PATHS = (
					"$(inherited)",
					"@executable_path/Frameworks",
				);
				MARKETING_VERSION = 1.0;
				PRODUCT_BUNDLE_IDENTIFIER = "ahmer.Ahmed20--Project";
				PRODUCT_NAME = "$(TARGET_NAME)";
				SWIFT_EMIT_LOC_STRINGS = YES;
				SWIFT_VERSION = 5.0;
				TARGETED_DEVICE_FAMILY = "1,2";
			};
			name = Release;
		};
		98F9179A2BE927AD00C64746 /* Debug */ = {
			isa = XCBuildConfiguration;
			buildSettings = {
				ALWAYS_EMBED_SWIFT_STANDARD_LIBRARIES = YES;
				BUNDLE_LOADER = "$(TEST_HOST)";
				CODE_SIGN_STYLE = Automatic;
				CURRENT_PROJECT_VERSION = 1;
				GENERATE_INFOPLIST_FILE = YES;
				IPHONEOS_DEPLOYMENT_TARGET = 17.4;
				MARKETING_VERSION = 1.0;
				PRODUCT_BUNDLE_IDENTIFIER = "ahmer.Ahmed20--ProjectTests";
				PRODUCT_NAME = "$(TARGET_NAME)";
				SWIFT_EMIT_LOC_STRINGS = NO;
				SWIFT_VERSION = 5.0;
				TARGETED_DEVICE_FAMILY = "1,2";
				TEST_HOST = "$(BUILT_PRODUCTS_DIR)/Ahmed20%-Project.app/$(BUNDLE_EXECUTABLE_FOLDER_PATH)/Ahmed20%-Project";
			};
			name = Debug;
		};
		98F9179B2BE927AD00C64746 /* Release */ = {
			isa = XCBuildConfiguration;
			buildSettings = {
				ALWAYS_EMBED_SWIFT_STANDARD_LIBRARIES = YES;
				BUNDLE_LOADER = "$(TEST_HOST)";
				CODE_SIGN_STYLE = Automatic;
				CURRENT_PROJECT_VERSION = 1;
				GENERATE_INFOPLIST_FILE = YES;
				IPHONEOS_DEPLOYMENT_TARGET = 17.4;
				MARKETING_VERSION = 1.0;
				PRODUCT_BUNDLE_IDENTIFIER = "ahmer.Ahmed20--ProjectTests";
				PRODUCT_NAME = "$(TARGET_NAME)";
				SWIFT_EMIT_LOC_STRINGS = NO;
				SWIFT_VERSION = 5.0;
				TARGETED_DEVICE_FAMILY = "1,2";
				TEST_HOST = "$(BUILT_PRODUCTS_DIR)/Ahmed20%-Project.app/$(BUNDLE_EXECUTABLE_FOLDER_PATH)/Ahmed20%-Project";
			};
			name = Release;
		};
		98F9179D2BE927AD00C64746 /* Debug */ = {
			isa = XCBuildConfiguration;
			buildSettings = {
				ALWAYS_EMBED_SWIFT_STANDARD_LIBRARIES = YES;
				CODE_SIGN_STYLE = Automatic;
				CURRENT_PROJECT_VERSION = 1;
				GENERATE_INFOPLIST_FILE = YES;
				MARKETING_VERSION = 1.0;
				PRODUCT_BUNDLE_IDENTIFIER = "ahmer.Ahmed20--ProjectUITests";
				PRODUCT_NAME = "$(TARGET_NAME)";
				SWIFT_EMIT_LOC_STRINGS = NO;
				SWIFT_VERSION = 5.0;
				TARGETED_DEVICE_FAMILY = "1,2";
				TEST_TARGET_NAME = "Ahmed20%-Project";
			};
			name = Debug;
		};
		98F9179E2BE927AD00C64746 /* Release */ = {
			isa = XCBuildConfiguration;
			buildSettings = {
				ALWAYS_EMBED_SWIFT_STANDARD_LIBRARIES = YES;
				CODE_SIGN_STYLE = Automatic;
				CURRENT_PROJECT_VERSION = 1;
				GENERATE_INFOPLIST_FILE = YES;
				MARKETING_VERSION = 1.0;
				PRODUCT_BUNDLE_IDENTIFIER = "ahmer.Ahmed20--ProjectUITests";
				PRODUCT_NAME = "$(TARGET_NAME)";
				SWIFT_EMIT_LOC_STRINGS = NO;
				SWIFT_VERSION = 5.0;
				TARGETED_DEVICE_FAMILY = "1,2";
				TEST_TARGET_NAME = "Ahmed20%-Project";
			};
			name = Release;
		};
/* End XCBuildConfiguration section */

/* Begin XCConfigurationList section */
		98F9176D2BE927A900C64746 /* Build configuration list for PBXProject "Ahmed20%-Project" */ = {
			isa = XCConfigurationList;
			buildConfigurations = (
				98F917942BE927AD00C64746 /* Debug */,
				98F917952BE927AD00C64746 /* Release */,
			);
			defaultConfigurationIsVisible = 0;
			defaultConfigurationName = Release;
		};
		98F917962BE927AD00C64746 /* Build configuration list for PBXNativeTarget "Ahmed20%-Project" */ = {
			isa = XCConfigurationList;
			buildConfigurations = (
				98F917972BE927AD00C64746 /* Debug */,
				98F917982BE927AD00C64746 /* Release */,
			);
			defaultConfigurationIsVisible = 0;
			defaultConfigurationName = Release;
		};
		98F917992BE927AD00C64746 /* Build configuration list for PBXNativeTarget "Ahmed20%-ProjectTests" */ = {
			isa = XCConfigurationList;
			buildConfigurations = (
				98F9179A2BE927AD00C64746 /* Debug */,
				98F9179B2BE927AD00C64746 /* Release */,
			);
			defaultConfigurationIsVisible = 0;
			defaultConfigurationName = Release;
		};
		98F9179C2BE927AD00C64746 /* Build configuration list for PBXNativeTarget "Ahmed20%-ProjectUITests" */ = {
			isa = XCConfigurationList;
			buildConfigurations = (
				98F9179D2BE927AD00C64746 /* Debug */,
				98F9179E2BE927AD00C64746 /* Release */,
			);
			defaultConfigurationIsVisible = 0;
			defaultConfigurationName = Release;
		};
/* End XCConfigurationList section */
	};
	rootObject = 98F9176A2BE927A900C64746 /* Project object */;
}
